
Microsoft Visual Studio Solution File, Format Version 12.00
# Visual Studio 14
VisualStudioVersion = 14.0.25123.0
MinimumVisualStudioVersion = 10.0.40219.1
Project("{4A054BA2-1ED8-4BFE-8296-B1DC588A1231}") = "Sitecore.Support.213006", "Sitecore.Support.213006\Sitecore.Support.213006.csproj", "{2FCF849F-A75F-4298-84B8-4FDDCF94F629}"
EndProject
Global
	GlobalSection(SolutionConfigurationPlatforms) = preSolution
		Debug|Any CPU = Debug|Any CPU
		Release|Any CPU = Release|Any CPU
	EndGlobalSection
	GlobalSection(ProjectConfigurationPlatforms) = postSolution
		{2FCF849F-A75F-4298-84B8-4FDDCF94F629}.Debug|Any CPU.ActiveCfg = Debug|Any CPU
		{2FCF849F-A75F-4298-84B8-4FDDCF94F629}.Debug|Any CPU.Build.0 = Debug|Any CPU
		{2FCF849F-A75F-4298-84B8-4FDDCF94F629}.Release|Any CPU.ActiveCfg = Release|Any CPU
		{2FCF849F-A75F-4298-84B8-4FDDCF94F629}.Release|Any CPU.Build.0 = Release|Any CPU
	EndGlobalSection
	GlobalSection(SolutionProperties) = preSolution
		HideSolutionNode = FALSE
	EndGlobalSection
EndGlobal
